
Microsoft Visual Studio Solution File, Format Version 12.00
# Visual Studio Version 17
VisualStudioVersion = 17.3.32929.385
MinimumVisualStudioVersion = 10.0.40219.1
Project("{FAE04EC0-301F-11D3-BF4B-00C04F79EFBC}") = "OpenImage", "OpenImage.csproj", "{8FD05AD0-AD21-4B26-9EAE-4913106C3672}"
EndProject
Global
	GlobalSection(SolutionConfigurationPlatforms) = preSolution
		Debug|Any CPU = Debug|Any CPU
		Release|Any CPU = Release|Any CPU
	EndGlobalSection
	GlobalSection(ProjectConfigurationPlatforms) = postSolution
		{8FD05AD0-AD21-4B26-9EAE-4913106C3672}.Debug|Any CPU.ActiveCfg = Debug|Any CPU
		{8FD05AD0-AD21-4B26-9EAE-4913106C3672}.Debug|Any CPU.Build.0 = Debug|Any CPU
		{8FD05AD0-AD21-4B26-9EAE-4913106C3672}.Release|Any CPU.ActiveCfg = Release|Any CPU
		{8FD05AD0-AD21-4B26-9EAE-4913106C3672}.Release|Any CPU.Build.0 = Release|Any CPU
	EndGlobalSection
	GlobalSection(SolutionProperties) = preSolution
		HideSolutionNode = FALSE
	EndGlobalSection
	GlobalSection(ExtensibilityGlobals) = postSolution
		SolutionGuid = {79CF08E2-1408-4BE9-B73B-540FDB5BD204}
	EndGlobalSection
EndGlobal
